
Microsoft Visual Studio Solution File, Format Version 12.00
# Visual Studio Version 16
VisualStudioVersion = 16.0.30621.155
MinimumVisualStudioVersion = 10.0.40219.1
Project("{FAE04EC0-301F-11D3-BF4B-00C04F79EFBC}") = "windowsform", "windowsform\windowsform.csproj", "{CC86E45D-1897-49E1-807F-A1CD081EE0DD}"
EndProject
Global
	GlobalSection(SolutionConfigurationPlatforms) = preSolution
		Debug|Any CPU = Debug|Any CPU
		Release|Any CPU = Release|Any CPU
	EndGlobalSection
	GlobalSection(ProjectConfigurationPlatforms) = postSolution
		{CC86E45D-1897-49E1-807F-A1CD081EE0DD}.Debug|Any CPU.ActiveCfg = Debug|Any CPU
		{CC86E45D-1897-49E1-807F-A1CD081EE0DD}.Debug|Any CPU.Build.0 = Debug|Any CPU
		{CC86E45D-1897-49E1-807F-A1CD081EE0DD}.Release|Any CPU.ActiveCfg = Release|Any CPU
		{CC86E45D-1897-49E1-807F-A1CD081EE0DD}.Release|Any CPU.Build.0 = Release|Any CPU
	EndGlobalSection
	GlobalSection(SolutionProperties) = preSolution
		HideSolutionNode = FALSE
	EndGlobalSection
	GlobalSection(ExtensibilityGlobals) = postSolution
		SolutionGuid = {DB633134-8844-4695-9B05-B405A6A430CF}
	EndGlobalSection
EndGlobal
